{
    "_readme": [
        "This file locks the dependencies of your project to a known state",
        "Read more about it at https://getcomposer.org/doc/01-basic-usage.md#installing-dependencies",
        "This file is @generated automatically"
    ],
    "content-hash": "e6c2b03bd47c0dae3c7039bd3abd3f18",
    "packages": [
        {
            "name": "corneltek/getoptionkit",
            "version": "dev-master",
            "source": {
                "type": "git",
                "url": "https://github.com/c9s/GetOptionKit.git",
                "reference": "aab2728de80175217cab0d7a4d078c3eb907e2c0"
            },
            "dist": {
                "type": "zip",
                "url": "https://api.github.com/repos/c9s/GetOptionKit/zipball/aab2728de80175217cab0d7a4d078c3eb907e2c0",
                "reference": "aab2728de80175217cab0d7a4d078c3eb907e2c0",
                "shasum": ""
            },
            "require": {
                "php": ">=7.2.0"
            },
            "require-dev": {
                "phpunit/phpunit": "^8.0 || ^9.0"
            },
            "default-branch": true,
            "type": "library",
            "extra": {
                "branch-alias": {
                    "dev-master": "2.7.x-dev"
                }
            },
            "autoload": {
                "psr-4": {
                    "GetOptionKit\\": "src/"
                }
            },
            "notification-url": "https://packagist.org/downloads/",
            "license": [
                "MIT"
            ],
            "authors": [
                {
                    "name": "Yo-An Lin",
                    "email": "yoanlin93@gmail.com"
                }
            ],
            "description": "Powerful command-line option toolkit",
            "homepage": "http://github.com/c9s/GetOptionKit",
            "support": {
                "issues": "https://github.com/c9s/GetOptionKit/issues",
                "source": "https://github.com/c9s/GetOptionKit/tree/2.7.3"
            },
            "time": "2024-12-18T10:10:51+00:00"
        },
        {
            "name": "danielneis/moodle-availability_newavailability",
            "version": "dev-master",
            "source": {
                "type": "git",
                "url": "https://github.com/danielneis/moodle-availability_newavailability",
                "reference": "43198d6736931213ad223c8fd05881749baac22c"
            },
            "dist": {
                "type": "zip",
                "url": "https://github.com/danielneis/moodle-availability_newavailability/archive/master.zip",
                "reference": "43198d6736931213ad223c8fd05881749baac22c"
            },
            "type": "library"
        },
        {
            "name": "danielneis/moodle-block_newblock",
            "version": "dev-master",
            "source": {
                "type": "git",
                "url": "https://github.com/danielneis/moodle-block_newblock.git",
                "reference": "1fc89fb0845ad282426140feeb6bc3653efd1d7f"
            },
            "dist": {
                "type": "zip",
                "url": "https://github.com/danielneis/moodle-block_newblock/archive/master.zip",
                "reference": "1fc89fb0845ad282426140feeb6bc3653efd1d7f"
            },
            "type": "library"
        },
        {
            "name": "danielneis/moodle-enrol_newenrol",
            "version": "dev-master",
            "source": {
                "type": "git",
                "url": "https://github.com/danielneis/moodle-enrol_newenrol",
                "reference": "master"
            },
            "dist": {
                "type": "zip",
                "url": "https://github.com/danielneis/moodle-enrol_newenrol/archive/master.zip"
            },
            "type": "library"
        },
        {
            "name": "danielneis/moodle-gradeexport_newgradeexport",
            "version": "dev-master",
            "source": {
                "type": "git",
                "url": "https://github.com/danielneis/moodle-gradeexport_newgradeexport",
                "reference": "4d13e3f6e9f4f53d54d6e8ad348278248968412d"
            },
            "dist": {
                "type": "zip",
                "url": "https://github.com/danielneis/moodle-gradeexport_newgradeexport/archive/master.zip",
                "reference": "4d13e3f6e9f4f53d54d6e8ad348278248968412d"
            },
            "type": "library"
        },
        {
            "name": "danielneis/moodle-gradereport_newgradereport",
            "version": "dev-master",
            "source": {
                "type": "git",
                "url": "https://github.com/danielneis/moodle-gradereport_newgradereport",
                "reference": "691f53a15de352c3fe25da03c001a97a76b18358"
            },
            "dist": {
                "type": "zip",
                "url": "https://github.com/danielneis/moodle-gradereport_newgradereport/archive/master.zip",
                "reference": "691f53a15de352c3fe25da03c001a97a76b18358"
            },
            "type": "library"
        },
        {
            "name": "danielneis/moodle-local_newlocal",
            "version": "dev-master",
            "source": {
                "type": "git",
                "url": "https://github.com/danielneis/moodle-local_newlocal",
                "reference": "b9596bdd37963d312069a048c8d315c7592c1c24"
            },
            "dist": {
                "type": "zip",
                "url": "https://github.com/danielneis/moodle-local_newlocal/archive/master.zip",
                "reference": "b9596bdd37963d312069a048c8d315c7592c1c24"
            },
            "type": "library"
        },
        {
            "name": "danielneis/moodle-message_newprocessor",
            "version": "dev-master",
            "source": {
                "type": "git",
                "url": "https://github.com/danielneis/moodle-message_newprocessor",
                "reference": "e2b82f0776b13a30a79f4f20de89d597a15f58c5"
            },
            "dist": {
                "type": "zip",
                "url": "https://github.com/danielneis/moodle-message_newprocessor/archive/master.zip",
                "reference": "e2b82f0776b13a30a79f4f20de89d597a15f58c5"
            },
            "type": "library"
        },
        {
            "name": "erickcomp/moodle-local_wstemplate",
            "version": "dev-master",
            "source": {
                "type": "git",
                "url": "https://github.com/erickcomp/moodle-local_wstemplate",
                "reference": "main"
            },
            "dist": {
                "type": "zip",
                "url": "https://github.com/erickcomp/moodle-local_wstemplate/archive/main.zip"
            },
            "type": "library"
        },
        {
            "name": "jamiepratt/moodle-qtype_template",
            "version": "dev-master",
            "source": {
                "type": "git",
                "url": "https://github.com/jamiepratt/moodle-qtype_TEMPLATE",
                "reference": "master"
            },
            "dist": {
                "type": "zip",
                "url": "https://github.com/jamiepratt/moodle-qtype_TEMPLATE/archive/master.zip"
            },
            "type": "library"
        },
        {
            "name": "moodlehq/moodle-local_amos",
            "version": "dev-main",
            "source": {
                "type": "git",
                "url": "https://github.com/moodlehq/moodle-local_amos",
                "reference": "main"
            },
            "dist": {
                "type": "zip",
                "url": "https://github.com/moodlehq/moodle-local_amos/archive/main.zip"
            },
            "type": "library"
        },
        {
            "name": "moodlehq/moodle-mod_newmodule",
            "version": "dev-master",
            "source": {
                "type": "git",
                "url": "https://github.com/moodlehq/moodle-mod_newmodule.git",
                "reference": "e1f112be8842291259ece87de3000cd5f0e18711"
            },
            "dist": {
                "type": "zip",
                "url": "https://github.com/moodlehq/moodle-mod_newmodule/archive/master.zip",
                "reference": "e1f112be8842291259ece87de3000cd5f0e18711"
            },
            "type": "library"
        },
        {
            "name": "mudrd8mz/moodle-tool_pluginskel",
            "version": "dev-main",
            "source": {
                "type": "git",
                "url": "https://github.com/mudrd8mz/moodle-tool_pluginskel",
                "reference": "main"
            },
            "dist": {
                "type": "zip",
                "url": "https://github.com/mudrd8mz/moodle-tool_pluginskel/archive/main.zip"
            },
            "type": "library"
        },
        {
            "name": "nikic/php-parser",
            "version": "v3.1.5",
            "source": {
                "type": "git",
                "url": "https://github.com/nikic/PHP-Parser.git",
                "reference": "bb87e28e7d7b8d9a7fda231d37457c9210faf6ce"
            },
            "dist": {
                "type": "zip",
                "url": "https://api.github.com/repos/nikic/PHP-Parser/zipball/bb87e28e7d7b8d9a7fda231d37457c9210faf6ce",
                "reference": "bb87e28e7d7b8d9a7fda231d37457c9210faf6ce",
                "shasum": ""
            },
            "require": {
                "ext-tokenizer": "*",
                "php": ">=5.5"
            },
            "require-dev": {
                "phpunit/phpunit": "~4.0|~5.0"
            },
            "bin": [
                "bin/php-parse"
            ],
            "type": "library",
            "extra": {
                "branch-alias": {
                    "dev-master": "3.0-dev"
                }
            },
            "autoload": {
                "psr-4": {
                    "PhpParser\\": "lib/PhpParser"
                }
            },
            "notification-url": "https://packagist.org/downloads/",
            "license": [
                "BSD-3-Clause"
            ],
            "authors": [
                {
                    "name": "Nikita Popov"
                }
            ],
            "description": "A PHP parser written in PHP",
            "keywords": [
                "parser",
                "php"
            ],
            "support": {
                "issues": "https://github.com/nikic/PHP-Parser/issues",
                "source": "https://github.com/nikic/PHP-Parser/tree/v3.1.5"
            },
            "time": "2018-02-28T20:30:58+00:00"
        },
        {
            "name": "symfony/deprecation-contracts",
            "version": "v2.5.4",
            "source": {
                "type": "git",
                "url": "https://github.com/symfony/deprecation-contracts.git",
                "reference": "605389f2a7e5625f273b53960dc46aeaf9c62918"
            },
            "dist": {
                "type": "zip",
                "url": "https://api.github.com/repos/symfony/deprecation-contracts/zipball/605389f2a7e5625f273b53960dc46aeaf9c62918",
                "reference": "605389f2a7e5625f273b53960dc46aeaf9c62918",
                "shasum": ""
            },
            "require": {
                "php": ">=7.1"
            },
            "type": "library",
            "extra": {
                "thanks": {
                    "url": "https://github.com/symfony/contracts",
                    "name": "symfony/contracts"
                },
                "branch-alias": {
                    "dev-main": "2.5-dev"
                }
            },
            "autoload": {
                "files": [
                    "function.php"
                ]
            },
            "notification-url": "https://packagist.org/downloads/",
            "license": [
                "MIT"
            ],
            "authors": [
                {
                    "name": "Nicolas Grekas",
                    "email": "p@tchwork.com"
                },
                {
                    "name": "Symfony Community",
                    "homepage": "https://symfony.com/contributors"
                }
            ],
            "description": "A generic function and convention to trigger deprecation notices",
            "homepage": "https://symfony.com",
            "support": {
                "source": "https://github.com/symfony/deprecation-contracts/tree/v2.5.4"
            },
            "funding": [
                {
                    "url": "https://symfony.com/sponsor",
                    "type": "custom"
                },
                {
                    "url": "https://github.com/fabpot",
                    "type": "github"
                },
                {
                    "url": "https://tidelift.com/funding/github/packagist/symfony/symfony",
                    "type": "tidelift"
                }
            ],
            "time": "2024-09-25T14:11:13+00:00"
        },
        {
            "name": "symfony/finder",
            "version": "v2.8.52",
            "source": {
                "type": "git",
                "url": "https://github.com/symfony/finder.git",
                "reference": "1444eac52273e345d9b95129bf914639305a9ba4"
            },
            "dist": {
                "type": "zip",
                "url": "https://api.github.com/repos/symfony/finder/zipball/1444eac52273e345d9b95129bf914639305a9ba4",
                "reference": "1444eac52273e345d9b95129bf914639305a9ba4",
                "shasum": ""
            },
            "require": {
                "php": ">=5.3.9"
            },
            "type": "library",
            "extra": {
                "branch-alias": {
                    "dev-master": "2.8-dev"
                }
            },
            "autoload": {
                "psr-4": {
                    "Symfony\\Component\\Finder\\": ""
                },
                "exclude-from-classmap": [
                    "/Tests/"
                ]
            },
            "notification-url": "https://packagist.org/downloads/",
            "license": [
                "MIT"
            ],
            "authors": [
                {
                    "name": "Fabien Potencier",
                    "email": "fabien@symfony.com"
                },
                {
                    "name": "Symfony Community",
                    "homepage": "https://symfony.com/contributors"
                }
            ],
            "description": "Symfony Finder Component",
            "homepage": "https://symfony.com",
            "support": {
                "source": "https://github.com/symfony/finder/tree/v2.8.50"
            },
            "time": "2018-11-11T11:18:13+00:00"
        },
        {
            "name": "symfony/polyfill-ctype",
            "version": "v1.33.0",
            "source": {
                "type": "git",
                "url": "https://github.com/symfony/polyfill-ctype.git",
                "reference": "a3cc8b044a6ea513310cbd48ef7333b384945638"
            },
            "dist": {
                "type": "zip",
                "url": "https://api.github.com/repos/symfony/polyfill-ctype/zipball/a3cc8b044a6ea513310cbd48ef7333b384945638",
                "reference": "a3cc8b044a6ea513310cbd48ef7333b384945638",
                "shasum": ""
            },
            "require": {
                "php": ">=7.2"
            },
            "provide": {
                "ext-ctype": "*"
            },
            "suggest": {
                "ext-ctype": "For best performance"
            },
            "type": "library",
            "extra": {
                "thanks": {
                    "url": "https://github.com/symfony/polyfill",
                    "name": "symfony/polyfill"
                }
            },
            "autoload": {
                "files": [
                    "bootstrap.php"
                ],
                "psr-4": {
                    "Symfony\\Polyfill\\Ctype\\": ""
                }
            },
            "notification-url": "https://packagist.org/downloads/",
            "license": [
                "MIT"
            ],
            "authors": [
                {
                    "name": "Gert de Pagter",
                    "email": "BackEndTea@gmail.com"
                },
                {
                    "name": "Symfony Community",
                    "homepage": "https://symfony.com/contributors"
                }
            ],
            "description": "Symfony polyfill for ctype functions",
            "homepage": "https://symfony.com",
            "keywords": [
                "compatibility",
                "ctype",
                "polyfill",
                "portable"
            ],
            "support": {
                "source": "https://github.com/symfony/polyfill-ctype/tree/v1.33.0"
            },
            "funding": [
                {
                    "url": "https://symfony.com/sponsor",
                    "type": "custom"
                },
                {
                    "url": "https://github.com/fabpot",
                    "type": "github"
                },
                {
                    "url": "https://github.com/nicolas-grekas",
                    "type": "github"
                },
                {
                    "url": "https://tidelift.com/funding/github/packagist/symfony/symfony",
                    "type": "tidelift"
                }
            ],
            "time": "2024-09-09T11:45:10+00:00"
        },
        {
            "name": "symfony/polyfill-mbstring",
            "version": "v1.33.0",
            "source": {
                "type": "git",
                "url": "https://github.com/symfony/polyfill-mbstring.git",
                "reference": "6d857f4d76bd4b343eac26d6b539585d2bc56493"
            },
            "dist": {
                "type": "zip",
                "url": "https://api.github.com/repos/symfony/polyfill-mbstring/zipball/6d857f4d76bd4b343eac26d6b539585d2bc56493",
                "reference": "6d857f4d76bd4b343eac26d6b539585d2bc56493",
                "shasum": ""
            },
            "require": {
                "ext-iconv": "*",
                "php": ">=7.2"
            },
            "provide": {
                "ext-mbstring": "*"
            },
            "suggest": {
                "ext-mbstring": "For best performance"
            },
            "type": "library",
            "extra": {
                "thanks": {
                    "url": "https://github.com/symfony/polyfill",
                    "name": "symfony/polyfill"
                }
            },
            "autoload": {
                "files": [
                    "bootstrap.php"
                ],
                "psr-4": {
                    "Symfony\\Polyfill\\Mbstring\\": ""
                }
            },
            "notification-url": "https://packagist.org/downloads/",
            "license": [
                "MIT"
            ],
            "authors": [
                {
                    "name": "Nicolas Grekas",
                    "email": "p@tchwork.com"
                },
                {
                    "name": "Symfony Community",
                    "homepage": "https://symfony.com/contributors"
                }
            ],
            "description": "Symfony polyfill for the Mbstring extension",
            "homepage": "https://symfony.com",
            "keywords": [
                "compatibility",
                "mbstring",
                "polyfill",
                "portable",
                "shim"
            ],
            "support": {
                "source": "https://github.com/symfony/polyfill-mbstring/tree/v1.33.0"
            },
            "funding": [
                {
                    "url": "https://symfony.com/sponsor",
                    "type": "custom"
                },
                {
                    "url": "https://github.com/fabpot",
                    "type": "github"
                },
                {
                    "url": "https://github.com/nicolas-grekas",
                    "type": "github"
                },
                {
                    "url": "https://tidelift.com/funding/github/packagist/symfony/symfony",
                    "type": "tidelift"
                }
            ],
            "time": "2024-12-23T08:48:59+00:00"
        },
        {
            "name": "symfony/polyfill-php80",
            "version": "v1.33.0",
            "source": {
                "type": "git",
                "url": "https://github.com/symfony/polyfill-php80.git",
                "reference": "0cc9dd0f17f61d8131e7df6b84bd344899fe2608"
            },
            "dist": {
                "type": "zip",
                "url": "https://api.github.com/repos/symfony/polyfill-php80/zipball/0cc9dd0f17f61d8131e7df6b84bd344899fe2608",
                "reference": "0cc9dd0f17f61d8131e7df6b84bd344899fe2608",
                "shasum": ""
            },
            "require": {
                "php": ">=7.2"
            },
            "type": "library",
            "extra": {
                "thanks": {
                    "url": "https://github.com/symfony/polyfill",
                    "name": "symfony/polyfill"
                }
            },
            "autoload": {
                "files": [
                    "bootstrap.php"
                ],
                "psr-4": {
                    "Symfony\\Polyfill\\Php80\\": ""
                },
                "classmap": [
                    "Resources/stubs"
                ]
            },
            "notification-url": "https://packagist.org/downloads/",
            "license": [
                "MIT"
            ],
            "authors": [
                {
                    "name": "Ion Bazan",
                    "email": "ion.bazan@gmail.com"
                },
                {
                    "name": "Nicolas Grekas",
                    "email": "p@tchwork.com"
                },
                {
                    "name": "Symfony Community",
                    "homepage": "https://symfony.com/contributors"
                }
            ],
            "description": "Symfony polyfill backporting some PHP 8.0+ features to lower PHP versions",
            "homepage": "https://symfony.com",
            "keywords": [
                "compatibility",
                "polyfill",
                "portable",
                "shim"
            ],
            "support": {
                "source": "https://github.com/symfony/polyfill-php80/tree/v1.33.0"
            },
            "funding": [
                {
                    "url": "https://symfony.com/sponsor",
                    "type": "custom"
                },
                {
                    "url": "https://github.com/fabpot",
                    "type": "github"
                },
                {
                    "url": "https://github.com/nicolas-grekas",
                    "type": "github"
                },
                {
                    "url": "https://tidelift.com/funding/github/packagist/symfony/symfony",
                    "type": "tidelift"
                }
            ],
            "time": "2025-01-02T08:10:11+00:00"
        },
        {
            "name": "symfony/polyfill-php81",
            "version": "v1.33.0",
            "source": {
                "type": "git",
                "url": "https://github.com/symfony/polyfill-php81.git",
                "reference": "4a4cfc2d253c21a5ad0e53071df248ed48c6ce5c"
            },
            "dist": {
                "type": "zip",
                "url": "https://api.github.com/repos/symfony/polyfill-php81/zipball/4a4cfc2d253c21a5ad0e53071df248ed48c6ce5c",
                "reference": "4a4cfc2d253c21a5ad0e53071df248ed48c6ce5c",
                "shasum": ""
            },
            "require": {
                "php": ">=7.2"
            },
            "type": "library",
            "extra": {
                "thanks": {
                    "url": "https://github.com/symfony/polyfill",
                    "name": "symfony/polyfill"
                }
            },
            "autoload": {
                "files": [
                    "bootstrap.php"
                ],
                "psr-4": {
                    "Symfony\\Polyfill\\Php81\\": ""
                },
                "classmap": [
                    "Resources/stubs"
                ]
            },
            "notification-url": "https://packagist.org/downloads/",
            "license": [
                "MIT"
            ],
            "authors": [
                {
                    "name": "Nicolas Grekas",
                    "email": "p@tchwork.com"
                },
                {
                    "name": "Symfony Community",
                    "homepage": "https://symfony.com/contributors"
                }
            ],
            "description": "Symfony polyfill backporting some PHP 8.1+ features to lower PHP versions",
            "homepage": "https://symfony.com",
            "keywords": [
                "compatibility",
                "polyfill",
                "portable",
                "shim"
            ],
            "support": {
                "source": "https://github.com/symfony/polyfill-php81/tree/v1.33.0"
            },
            "funding": [
                {
                    "url": "https://symfony.com/sponsor",
                    "type": "custom"
                },
                {
                    "url": "https://github.com/fabpot",
                    "type": "github"
                },
                {
                    "url": "https://github.com/nicolas-grekas",
                    "type": "github"
                },
                {
                    "url": "https://tidelift.com/funding/github/packagist/symfony/symfony",
                    "type": "tidelift"
                }
            ],
            "time": "2024-09-09T11:45:10+00:00"
        },
        {
            "name": "twig/twig",
            "version": "v3.11.2",
            "source": {
                "type": "git",
                "url": "https://github.com/twigphp/Twig.git",
                "reference": "5b580ec1882b54c98cbd8c0f8a3ca5d1904db6b1"
            },
            "dist": {
                "type": "zip",
                "url": "https://api.github.com/repos/twigphp/Twig/zipball/5b580ec1882b54c98cbd8c0f8a3ca5d1904db6b1",
                "reference": "5b580ec1882b54c98cbd8c0f8a3ca5d1904db6b1",
                "shasum": ""
            },
            "require": {
                "php": ">=7.2.5",
                "symfony/deprecation-contracts": "^2.5|^3",
                "symfony/polyfill-ctype": "^1.8",
                "symfony/polyfill-mbstring": "^1.3",
                "symfony/polyfill-php80": "^1.22",
                "symfony/polyfill-php81": "^1.29"
            },
            "require-dev": {
                "psr/container": "^1.0|^2.0",
                "symfony/phpunit-bridge": "^5.4.9|^6.4|^7.0"
            },
            "type": "library",
            "autoload": {
                "files": [
                    "src/Resources/core.php",
                    "src/Resources/debug.php",
                    "src/Resources/escaper.php",
                    "src/Resources/string_loader.php"
                ],
                "psr-4": {
                    "Twig\\": "src/"
                }
            },
            "notification-url": "https://packagist.org/downloads/",
            "license": [
                "BSD-3-Clause"
            ],
            "authors": [
                {
                    "name": "Fabien Potencier",
                    "email": "fabien@symfony.com",
                    "homepage": "http://fabien.potencier.org",
                    "role": "Lead Developer"
                },
                {
                    "name": "Twig Team",
                    "role": "Contributors"
                },
                {
                    "name": "Armin Ronacher",
                    "email": "armin.ronacher@active-4.com",
                    "role": "Project Founder"
                }
            ],
            "description": "Twig, the flexible, fast, and secure template language for PHP",
            "homepage": "https://twig.symfony.com",
            "keywords": [
                "templating"
            ],
            "support": {
                "issues": "https://github.com/twigphp/Twig/issues",
                "source": "https://github.com/twigphp/Twig/tree/v3.11.2"
            },
            "funding": [
                {
                    "url": "https://github.com/fabpot",
                    "type": "github"
                },
                {
                    "url": "https://tidelift.com/funding/github/packagist/twig/twig",
                    "type": "tidelift"
                }
            ],
            "time": "2024-11-06T18:50:16+00:00"
        },
        {
            "name": "yetanotherape/diff-match-patch",
            "version": "dev-master",
            "source": {
                "type": "git",
                "url": "https://github.com/yetanotherape/diff-match-patch",
                "reference": "0726dbb4e59e68574326821c174013cf6fdfe20e"
            },
            "dist": {
                "type": "zip",
                "url": "https://github.com/yetanotherape/diff-match-patch/archive/master.zip",
                "reference": "0726dbb4e59e68574326821c174013cf6fdfe20e"
            },
            "type": "library"
        }
    ],
    "packages-dev": [],
    "aliases": [],
    "minimum-stability": "stable",
    "stability-flags": {
        "corneltek/getoptionkit": 20,
        "danielneis/moodle-availability_newavailability": 20,
        "danielneis/moodle-block_newblock": 20,
        "danielneis/moodle-enrol_newenrol": 20,
        "danielneis/moodle-gradeexport_newgradeexport": 20,
        "danielneis/moodle-gradereport_newgradereport": 20,
        "danielneis/moodle-local_newlocal": 20,
        "danielneis/moodle-message_newprocessor": 20,
        "erickcomp/moodle-local_wstemplate": 20,
        "jamiepratt/moodle-qtype_template": 20,
        "moodlehq/moodle-local_amos": 20,
        "moodlehq/moodle-mod_newmodule": 20,
        "mudrd8mz/moodle-tool_pluginskel": 20,
        "yetanotherape/diff-match-patch": 20
    },
    "prefer-stable": false,
    "prefer-lowest": false,
    "platform": {},
    "platform-dev": {},
    "platform-overrides": {
        "php": "7.2.5"
    },
    "plugin-api-version": "2.6.0"
}
